// !$*UTF8*$!
{
	archiveVersion = 1;
	classes = {
	};
	objectVersion = 50;
	objects = {

/* Begin PBXBuildFile section */
		C0EDD3162157256800277476 /* AppDelegate.m in Sources */ = {isa = PBXBuildFile; fileRef = C0EDD3152157256800277476 /* AppDelegate.m */; };
		C0EDD3192157256800277476 /* ViewController.m in Sources */ = {isa = PBXBuildFile; fileRef = C0EDD3182157256800277476 /* ViewController.m */; };
		C0EDD31C2157256800277476 /* Main.storyboard in Resources */ = {isa = PBXBuildFile; fileRef = C0EDD31A2157256800277476 /* Main.storyboard */; };
		C0EDD31F2157256800277476 /* meituan.xcdatamodeld in Sources */ = {isa = PBXBuildFile; fileRef = C0EDD31D2157256800277476 /* meituan.xcdatamodeld */; };
		C0EDD3212157256A00277476 /* Assets.xcassets in Resources */ = {isa = PBXBuildFile; fileRef = C0EDD3202157256A00277476 /* Assets.xcassets */; };
		C0EDD3242157256A00277476 /* LaunchScreen.storyboard in Resources */ = {isa = PBXBuildFile; fileRef = C0EDD3222157256A00277476 /* LaunchScreen.storyboard */; };
		C0EDD3272157256A00277476 /* main.m in Sources */ = {isa = PBXBuildFile; fileRef = C0EDD3262157256A00277476 /* main.m */; };
		C0EDD3312157256A00277476 /* meituanTests.m in Sources */ = {isa = PBXBuildFile; fileRef = C0EDD3302157256A00277476 /* meituanTests.m */; };
/* End PBXBuildFile section */

/* Begin PBXContainerItemProxy section */
		C0EDD32D2157256A00277476 /* PBXContainerItemProxy */ = {
			isa = PBXContainerItemProxy;
			containerPortal = C0EDD3092157256800277476 /* Project object */;
			proxyType = 1;
			remoteGlobalIDString = C0EDD3102157256800277476;
			remoteInfo = meituan;
		};
/* End PBXContainerItemProxy section */

/* Begin PBXFileReference section */
		C0EDD3112157256800277476 /* meituan.app */ = {isa = PBXFileReference; explicitFileType = wrapper.application; includeInIndex = 0; path = meituan.app; sourceTree = BUILT_PRODUCTS_DIR; };
		C0EDD3142157256800277476 /* AppDelegate.h */ = {isa = PBXFileReference; lastKnownFileType = sourcecode.c.h; path = AppDelegate.h; sourceTree = "<group>"; };
		C0EDD3152157256800277476 /* AppDelegate.m */ = {isa = PBXFileReference; lastKnownFileType = sourcecode.c.objc; path = AppDelegate.m; sourceTree = "<group>"; };
		C0EDD3172157256800277476 /* ViewController.h */ = {isa = PBXFileReference; lastKnownFileType = sourcecode.c.h; path = ViewController.h; sourceTree = "<group>"; };
		C0EDD3182157256800277476 /* ViewController.m */ = {isa = PBXFileReference; lastKnownFileType = sourcecode.c.objc; path = ViewController.m; sourceTree = "<group>"; };
		C0EDD31B2157256800277476 /* Base */ = {isa = PBXFileReference; lastKnownFileType = file.storyboard; name = Base; path = Base.lproj/Main.storyboard; sourceTree = "<group>"; };
		C0EDD31E2157256800277476 /* meituan.xcdatamodel */ = {isa = PBXFileReference; lastKnownFileType = wrapper.xcdatamodel; path = meituan.xcdatamodel; sourceTree = "<group>"; };
		C0EDD3202157256A00277476 /* Assets.xcassets */ = {isa = PBXFileReference; lastKnownFileType = folder.assetcatalog; path = Assets.xcassets; sourceTree = "<group>"; };
		C0EDD3232157256A00277476 /* Base */ = {isa = PBXFileReference; lastKnownFileType = file.storyboard; name = Base; path = Base.lproj/LaunchScreen.storyboard; sourceTree = "<group>"; };
		C0EDD3252157256A00277476 /* Info.plist */ = {isa = PBXFileReference; lastKnownFileType = text.plist.xml; path = Info.plist; sourceTree = "<group>"; };
		C0EDD3262157256A00277476 /* main.m */ = {isa = PBXFileReference; lastKnownFileType = sourcecode.c.objc; path = main.m; sourceTree = "<group>"; };
		C0EDD32C2157256A00277476 /* meituanTests.xctest */ = {isa = PBXFileReference; explicitFileType = wrapper.cfbundle; includeInIndex = 0; path = meituanTests.xctest; sourceTree = BUILT_PRODUCTS_DIR; };
		C0EDD3302157256A00277476 /* meituanTests.m */ = {isa = PBXFileReference; lastKnownFileType = sourcecode.c.objc; path = meituanTests.m; sourceTree = "<group>"; };
		C0EDD3322157256A00277476 /* Info.plist */ = {isa = PBXFileReference; lastKnownFileType = text.plist.xml; path = Info.plist; sourceTree = "<group>"; };
/* End PBXFileReference section */

/* Begin PBXFrameworksBuildPhase section */
		C0EDD30E2157256800277476 /* Frameworks */ = {
			isa = PBXFrameworksBuildPhase;
			buildActionMask = 2147483647;
			files = (
			);
			runOnlyForDeploymentPostprocessing = 0;
		};
		C0EDD3292157256A00277476 /* Frameworks */ = {
			isa = PBXFrameworksBuildPhase;
			buildActionMask = 2147483647;
			files = (
			);
			runOnlyForDeploymentPostprocessing = 0;
		};
/* End PBXFrameworksBuildPhase section */

/* Begin PBXGroup section */
		C0EDD3082157256800277476 = {
			isa = PBXGroup;
			children = (
				C0EDD3132157256800277476 /* meituan */,
				C0EDD32F2157256A00277476 /* meituanTests */,
				C0EDD3122157256800277476 /* Products */,
			);
			sourceTree = "<group>";
		};
		C0EDD3122157256800277476 /* Products */ = {
			isa = PBXGroup;
			children = (
				C0EDD3112157256800277476 /* meituan.app */,
				C0EDD32C2157256A00277476 /* meituanTests.xctest */,
			);
			name = Products;
			sourceTree = "<group>";
		};
		C0EDD3132157256800277476 /* meituan */ = {
			isa = PBXGroup;
			children = (
				C0EDD3142157256800277476 /* AppDelegate.h */,
				C0EDD3152157256800277476 /* AppDelegate.m */,
				C0EDD3172157256800277476 /* ViewController.h */,
				C0EDD3182157256800277476 /* ViewController.m */,
				C0EDD31A2157256800277476 /* Main.storyboard */,
				C0EDD3202157256A00277476 /* Assets.xcassets */,
				C0EDD3222157256A00277476 /* LaunchScreen.storyboard */,
				C0EDD3252157256A00277476 /* Info.plist */,
				C0EDD3262157256A00277476 /* main.m */,
				C0EDD31D2157256800277476 /* meituan.xcdatamodeld */,
			);
			path = meituan;
			sourceTree = "<group>";
		};
		C0EDD32F2157256A00277476 /* meituanTests */ = {
			isa = PBXGroup;
			children = (
				C0EDD3302157256A00277476 /* meituanTests.m */,
				C0EDD3322157256A00277476 /* Info.plist */,
			);
			path = meituanTests;
			sourceTree = "<group>";
		};
/* End PBXGroup section */

/* Begin PBXNativeTarget section */
		C0EDD3102157256800277476 /* meituan */ = {
			isa = PBXNativeTarget;
			buildConfigurationList = C0EDD3352157256A00277476 /* Build configuration list for PBXNativeTarget "meituan" */;
			buildPhases = (
				C0EDD30D2157256800277476 /* Sources */,
				C0EDD30E2157256800277476 /* Frameworks */,
				C0EDD30F2157256800277476 /* Resources */,
			);
			buildRules = (
			);
			dependencies = (
			);
			name = meituan;
			productName = meituan;
			productReference = C0EDD3112157256800277476 /* meituan.app */;
			productType = "com.apple.product-type.application";
		};
		C0EDD32B2157256A00277476 /* meituanTests */ = {
			isa = PBXNativeTarget;
			buildConfigurationList = C0EDD3382157256A00277476 /* Build configuration list for PBXNativeTarget "meituanTests" */;
			buildPhases = (
				C0EDD3282157256A00277476 /* Sources */,
				C0EDD3292157256A00277476 /* Frameworks */,
				C0EDD32A2157256A00277476 /* Resources */,
			);
			buildRules = (
			);
			dependencies = (
				C0EDD32E2157256A00277476 /* PBXTargetDependency */,
			);
			name = meituanTests;
			productName = meituanTests;
			productReference = C0EDD32C2157256A00277476 /* meituanTests.xctest */;
			productType = "com.apple.product-type.bundle.unit-test";
		};
/* End PBXNativeTarget section */

/* Begin PBXProject section */
		C0EDD3092157256800277476 /* Project object */ = {
			isa = PBXProject;
			attributes = {
				LastUpgradeCheck = 1000;
				ORGANIZATIONNAME = pengzg;
				TargetAttributes = {
					C0EDD3102157256800277476 = {
						CreatedOnToolsVersion = 10.0;
					};
					C0EDD32B2157256A00277476 = {
						CreatedOnToolsVersion = 10.0;
						TestTargetID = C0EDD3102157256800277476;
					};
				};
			};
			buildConfigurationList = C0EDD30C2157256800277476 /* Build configuration list for PBXProject "meituan" */;
			compatibilityVersion = "Xcode 9.3";
			developmentRegion = en;
			hasScannedForEncodings = 0;
			knownRegions = (
				en,
				Base,
			);
			mainGroup = C0EDD3082157256800277476;
			productRefGroup = C0EDD3122157256800277476 /* Products */;
			projectDirPath = "";
			projectRoot = "";
			targets = (
				C0EDD3102157256800277476 /* meituan */,
				C0EDD32B2157256A00277476 /* meituanTests */,
			);
		};
/* End PBXProject section */

/* Begin PBXResourcesBuildPhase section */
		C0EDD30F2157256800277476 /* Resources */ = {
			isa = PBXResourcesBuildPhase;
			buildActionMask = 2147483647;
			files = (
				C0EDD3242157256A00277476 /* LaunchScreen.storyboard in Resources */,
				C0EDD3212157256A00277476 /* Assets.xcassets in Resources */,
				C0EDD31C2157256800277476 /* Main.storyboard in Resources */,
			);
			runOnlyForDeploymentPostprocessing = 0;
		};
		C0EDD32A2157256A00277476 /* Resources */ = {
			isa = PBXResourcesBuildPhase;
			buildActionMask = 2147483647;
			files = (
			);
			runOnlyForDeploymentPostprocessing = 0;
		};
/* End PBXResourcesBuildPhase section */

/* Begin PBXSourcesBuildPhase section */
		C0EDD30D2157256800277476 /* Sources */ = {
			isa = PBXSourcesBuildPhase;
			buildActionMask = 2147483647;
			files = (
				C0EDD3192157256800277476 /* ViewController.m in Sources */,
				C0EDD31F2157256800277476 /* meituan.xcdatamodeld in Sources */,
				C0EDD3272157256A00277476 /* main.m in Sources */,
				C0EDD3162157256800277476 /* AppDelegate.m in Sources */,
			);
			runOnlyForDeploymentPostprocessing = 0;
		};
		C0EDD3282157256A00277476 /* Sources */ = {
			isa = PBXSourcesBuildPhase;
			buildActionMask = 2147483647;
			files = (
				C0EDD3312157256A00277476 /* meituanTests.m in Sources */,
			);
			runOnlyForDeploymentPostprocessing = 0;
		};
/* End PBXSourcesBuildPhase section */

/* Begin PBXTargetDependency section */
		C0EDD32E2157256A00277476 /* PBXTargetDependency */ = {
			isa = PBXTargetDependency;
			target = C0EDD3102157256800277476 /* meituan */;
			targetProxy = C0EDD32D2157256A00277476 /* PBXContainerItemProxy */;
		};
/* End PBXTargetDependency section */

/* Begin PBXVariantGroup section */
		C0EDD31A2157256800277476 /* Main.storyboard */ = {
			isa = PBXVariantGroup;
			children = (
				C0EDD31B2157256800277476 /* Base */,
			);
			name = Main.storyboard;
			sourceTree = "<group>";
		};
		C0EDD3222157256A00277476 /* LaunchScreen.storyboard */ = {
			isa = PBXVariantGroup;
			children = (
				C0EDD3232157256A00277476 /* Base */,
			);
			name = LaunchScreen.storyboard;
			sourceTree = "<group>";
		};
/* End PBXVariantGroup section */

/* Begin XCBuildConfiguration section */
		C0EDD3332157256A00277476 /* Debug */ = {
			isa = XCBuildConfiguration;
			buildSettings = {
				ALWAYS_SEARCH_USER_PATHS = NO;
				CLANG_ANALYZER_NONNULL = YES;
				CLANG_ANALYZER_NUMBER_OBJECT_CONVERSION = YES_AGGRESSIVE;
				CLANG_CXX_LANGUAGE_STANDARD = "gnu++14";
				CLANG_CXX_LIBRARY = "libc++";
				CLANG_ENABLE_MODULES = YES;
				CLANG_ENABLE_OBJC_ARC = YES;
				CLANG_ENABLE_OBJC_WEAK = YES;
				CLANG_WARN_BLOCK_CAPTURE_AUTORELEASING = YES;
				CLANG_WARN_BOOL_CONVERSION = YES;
				CLANG_WARN_COMMA = YES;
				CLANG_WARN_CONSTANT_CONVERSION = YES;
				CLANG_WARN_DEPRECATED_OBJC_IMPLEMENTATIONS = YES;
				CLANG_WARN_DIRECT_OBJC_ISA_USAGE = YES_ERROR;
				CLANG_WARN_DOCUMENTATION_COMMENTS = YES;
				CLANG_WARN_EMPTY_BODY = YES;
				CLANG_WARN_ENUM_CONVERSION = YES;
				CLANG_WARN_INFINITE_RECURSION = YES;
				CLANG_WARN_INT_CONVERSION = YES;
				CLANG_WARN_NON_LITERAL_NULL_CONVERSION = YES;
				CLANG_WARN_OBJC_IMPLICIT_RETAIN_SELF = YES;
				CLANG_WARN_OBJC_LITERAL_CONVERSION = YES;
				CLANG_WARN_OBJC_ROOT_CLASS = YES_ERROR;
				CLANG_WARN_RANGE_LOOP_ANALYSIS = YES;
				CLANG_WARN_STRICT_PROTOTYPES = YES;
				CLANG_WARN_SUSPICIOUS_MOVE = YES;
				CLANG_WARN_UNGUARDED_AVAILABILITY = YES_AGGRESSIVE;
				CLANG_WARN_UNREACHABLE_CODE = YES;
				CLANG_WARN__DUPLICATE_METHOD_MATCH = YES;
				CODE_SIGN_IDENTITY = "iPhone Developer";
				COPY_PHASE_STRIP = NO;
				DEBUG_INFORMATION_FORMAT = dwarf;
				ENABLE_STRICT_OBJC_MSGSEND = YES;
				ENABLE_TESTABILITY = YES;
				GCC_C_LANGUAGE_STANDARD = gnu11;
				GCC_DYNAMIC_NO_PIC = NO;
				GCC_NO_COMMON_BLOCKS = YES;
				GCC_OPTIMIZATION_LEVEL = 0;
				GCC_PREPROCESSOR_DEFINITIONS = (
					"DEBUG=1",
					"$(inherited)",
				);
				GCC_WARN_64_TO_32_BIT_CONVERSION = YES;
				GCC_WARN_ABOUT_RETURN_TYPE = YES_ERROR;
				GCC_WARN_UNDECLARED_SELECTOR = YES;
				GCC_WARN_UNINITIALIZED_AUTOS = YES_AGGRESSIVE;
				GCC_WARN_UNUSED_FUNCTION = YES;
				GCC_WARN_UNUSED_VARIABLE = YES;
				IPHONEOS_DEPLOYMENT_TARGET = 12.0;
				MTL_ENABLE_DEBUG_INFO = INCLUDE_SOURCE;
				MTL_FAST_MATH = YES;
				ONLY_ACTIVE_ARCH = YES;
				SDKROOT = iphoneos;
			};
			name = Debug;
		};
		C0EDD3342157256A00277476 /* Release */ = {
			isa = XCBuildConfiguration;
			buildSettings = {
				ALWAYS_SEARCH_USER_PATHS = NO;
				CLANG_ANALYZER_NONNULL = YES;
				CLANG_ANALYZER_NUMBER_OBJECT_CONVERSION = YES_AGGRESSIVE;
				CLANG_CXX_LANGUAGE_STANDARD = "gnu++14";
				CLANG_CXX_LIBRARY = "libc++";
				CLANG_ENABLE_MODULES = YES;
				CLANG_ENABLE_OBJC_ARC = YES;
				CLANG_ENABLE_OBJC_WEAK = YES;
				CLANG_WARN_BLOCK_CAPTURE_AUTORELEASING = YES;
				CLANG_WARN_BOOL_CONVERSION = YES;
				CLANG_WARN_COMMA = YES;
				CLANG_WARN_CONSTANT_CONVERSION = YES;
				CLANG_WARN_DEPRECATED_OBJC_IMPLEMENTATIONS = YES;
				CLANG_WARN_DIRECT_OBJC_ISA_USAGE = YES_ERROR;
				CLANG_WARN_DOCUMENTATION_COMMENTS = YES;
				CLANG_WARN_EMPTY_BODY = YES;
				CLANG_WARN_ENUM_CONVERSION = YES;
				CLANG_WARN_INFINITE_RECURSION = YES;
				CLANG_WARN_INT_CONVERSION = YES;
				CLANG_WARN_NON_LITERAL_NULL_CONVERSION = YES;
				CLANG_WARN_OBJC_IMPLICIT_RETAIN_SELF = YES;
				CLANG_WARN_OBJC_LITERAL_CONVERSION = YES;
				CLANG_WARN_OBJC_ROOT_CLASS = YES_ERROR;
				CLANG_WARN_RANGE_LOOP_ANALYSIS = YES;
				CLANG_WARN_STRICT_PROTOTYPES = YES;
				CLANG_WARN_SUSPICIOUS_MOVE = YES;
				CLANG_WARN_UNGUARDED_AVAILABILITY = YES_AGGRESSIVE;
				CLANG_WARN_UNREACHABLE_CODE = YES;
				CLANG_WARN__DUPLICATE_METHOD_MATCH = YES;
				CODE_SIGN_IDENTITY = "iPhone Developer";
				COPY_PHASE_STRIP = NO;
				DEBUG_INFORMATION_FORMAT = "dwarf-with-dsym";
				ENABLE_NS_ASSERTIONS = NO;
				ENABLE_STRICT_OBJC_MSGSEND = YES;
				GCC_C_LANGUAGE_STANDARD = gnu11;
				GCC_NO_COMMON_BLOCKS = YES;
				GCC_WARN_64_TO_32_BIT_CONVERSION = YES;
				GCC_WARN_ABOUT_RETURN_TYPE = YES_ERROR;
				GCC_WARN_UNDECLARED_SELECTOR = YES;
				GCC_WARN_UNINITIALIZED_AUTOS = YES_AGGRESSIVE;
				GCC_WARN_UNUSED_FUNCTION = YES;
				GCC_WARN_UNUSED_VARIABLE = YES;
				IPHONEOS_DEPLOYMENT_TARGET = 12.0;
				MTL_ENABLE_DEBUG_INFO = NO;
				MTL_FAST_MATH = YES;
				SDKROOT = iphoneos;
				VALIDATE_PRODUCT = YES;
			};
			name = Release;
		};
		C0EDD3362157256A00277476 /* Debug */ = {
			isa = XCBuildConfiguration;
			buildSettings = {
				ASSETCATALOG_COMPILER_APPICON_NAME = AppIcon;
				CODE_SIGN_STYLE = Automatic;
				DEVELOPMENT_TEAM = LVDHDML9MV;
				INFOPLIST_FILE = meituan/Info.plist;
				LD_RUNPATH_SEARCH_PATHS = (
					"$(inherited)",
					"@executable_path/Frameworks",
				);
				PRODUCT_BUNDLE_IDENTIFIER = pengz.com.meituan;
				PRODUCT_NAME = "$(TARGET_NAME)";
				TARGETED_DEVICE_FAMILY = "1,2";
			};
			name = Debug;
		};
		C0EDD3372157256A00277476 /* Release */ = {
			isa = XCBuildConfiguration;
			buildSettings = {
				ASSETCATALOG_COMPILER_APPICON_NAME = AppIcon;
				CODE_SIGN_STYLE = Automatic;
				DEVELOPMENT_TEAM = LVDHDML9MV;
				INFOPLIST_FILE = meituan/Info.plist;
				LD_RUNPATH_SEARCH_PATHS = (
					"$(inherited)",
					"@executable_path/Frameworks",
				);
				PRODUCT_BUNDLE_IDENTIFIER = pengz.com.meituan;
				PRODUCT_NAME = "$(TARGET_NAME)";
				TARGETED_DEVICE_FAMILY = "1,2";
			};
			name = Release;
		};
		C0EDD3392157256A00277476 /* Debug */ = {
			isa = XCBuildConfiguration;
			buildSettings = {
				BUNDLE_LOADER = "$(TEST_HOST)";
				CODE_SIGN_STYLE = Automatic;
				DEVELOPMENT_TEAM = LVDHDML9MV;
				INFOPLIST_FILE = meituanTests/Info.plist;
				LD_RUNPATH_SEARCH_PATHS = (
					"$(inherited)",
					"@executable_path/Frameworks",
					"@loader_path/Frameworks",
				);
				PRODUCT_BUNDLE_IDENTIFIER = pengz.com.meituanTests;
				PRODUCT_NAME = "$(TARGET_NAME)";
				TARGETED_DEVICE_FAMILY = "1,2";
				TEST_HOST = "$(BUILT_PRODUCTS_DIR)/meituan.app/meituan";
			};
			name = Debug;
		};
		C0EDD33A2157256A00277476 /* Release */ = {
			isa = XCBuildConfiguration;
			buildSettings = {
				BUNDLE_LOADER = "$(TEST_HOST)";
				CODE_SIGN_STYLE = Automatic;
				DEVELOPMENT_TEAM = LVDHDML9MV;
				INFOPLIST_FILE = meituanTests/Info.plist;
				LD_RUNPATH_SEARCH_PATHS = (
					"$(inherited)",
					"@executable_path/Frameworks",
					"@loader_path/Frameworks",
				);
				PRODUCT_BUNDLE_IDENTIFIER = pengz.com.meituanTests;
				PRODUCT_NAME = "$(TARGET_NAME)";
				TARGETED_DEVICE_FAMILY = "1,2";
				TEST_HOST = "$(BUILT_PRODUCTS_DIR)/meituan.app/meituan";
			};
			name = Release;
		};
/* End XCBuildConfiguration section */

/* Begin XCConfigurationList section */
		C0EDD30C2157256800277476 /* Build configuration list for PBXProject "meituan" */ = {
			isa = XCConfigurationList;
			buildConfigurations = (
				C0EDD3332157256A00277476 /* Debug */,
				C0EDD3342157256A00277476 /* Release */,
			);
			defaultConfigurationIsVisible = 0;
			defaultConfigurationName = Release;
		};
		C0EDD3352157256A00277476 /* Build configuration list for PBXNativeTarget "meituan" */ = {
			isa = XCConfigurationList;
			buildConfigurations = (
				C0EDD3362157256A00277476 /* Debug */,
				C0EDD3372157256A00277476 /* Release */,
			);
			defaultConfigurationIsVisible = 0;
			defaultConfigurationName = Release;
		};
		C0EDD3382157256A00277476 /* Build configuration list for PBXNativeTarget "meituanTests" */ = {
			isa = XCConfigurationList;
			buildConfigurations = (
				C0EDD3392157256A00277476 /* Debug */,
				C0EDD33A2157256A00277476 /* Release */,
			);
			defaultConfigurationIsVisible = 0;
			defaultConfigurationName = Release;
		};
/* End XCConfigurationList section */

/* Begin XCVersionGroup section */
		C0EDD31D2157256800277476 /* meituan.xcdatamodeld */ = {
			isa = XCVersionGroup;
			children = (
				C0EDD31E2157256800277476 /* meituan.xcdatamodel */,
			);
			currentVersion = C0EDD31E2157256800277476 /* meituan.xcdatamodel */;
			path = meituan.xcdatamodeld;
			sourceTree = "<group>";
			versionGroupType = wrapper.xcdatamodel;
		};
/* End XCVersionGroup section */
	};
	rootObject = C0EDD3092157256800277476 /* Project object */;
}
