// !$*UTF8*$!
{
	archiveVersion = 1;
	classes = {
	};
	objectVersion = 50;
	objects = {

/* Begin PBXBuildFile section */
		C07B3013212C5BFF003AA699 /* AppDelegate.m in Sources */ = {isa = PBXBuildFile; fileRef = C07B3012212C5BFF003AA699 /* AppDelegate.m */; };
		C07B3019212C5BFF003AA699 /* Main.storyboard in Resources */ = {isa = PBXBuildFile; fileRef = C07B3017212C5BFF003AA699 /* Main.storyboard */; };
		C07B301C212C5BFF003AA699 /* xlib4cell.xcdatamodeld in Sources */ = {isa = PBXBuildFile; fileRef = C07B301A212C5BFF003AA699 /* xlib4cell.xcdatamodeld */; };
		C07B301E212C5C01003AA699 /* Assets.xcassets in Resources */ = {isa = PBXBuildFile; fileRef = C07B301D212C5C01003AA699 /* Assets.xcassets */; };
		C07B3021212C5C01003AA699 /* LaunchScreen.storyboard in Resources */ = {isa = PBXBuildFile; fileRef = C07B301F212C5C01003AA699 /* LaunchScreen.storyboard */; };
		C07B3024212C5C01003AA699 /* main.m in Sources */ = {isa = PBXBuildFile; fileRef = C07B3023212C5C01003AA699 /* main.m */; };
		C07B302E212C5C01003AA699 /* xlib4cellTests.m in Sources */ = {isa = PBXBuildFile; fileRef = C07B302D212C5C01003AA699 /* xlib4cellTests.m */; };
		C07B303D212C6152003AA699 /* NewsViewController.m in Sources */ = {isa = PBXBuildFile; fileRef = C07B303C212C6152003AA699 /* NewsViewController.m */; };
		C07B303F212D7AAB003AA699 /* NewsCell.xib in Resources */ = {isa = PBXBuildFile; fileRef = C07B303E212D7AAB003AA699 /* NewsCell.xib */; };
		C07B3043212D7AF0003AA699 /* 01.jpg in Resources */ = {isa = PBXBuildFile; fileRef = C07B3041212D7AF0003AA699 /* 01.jpg */; };
		C07B3044212D7AF0003AA699 /* 02.jpg in Resources */ = {isa = PBXBuildFile; fileRef = C07B3042212D7AF0003AA699 /* 02.jpg */; };
		C07B304A212DAB94003AA699 /* NewsCell.m in Sources */ = {isa = PBXBuildFile; fileRef = C07B3049212DAB94003AA699 /* NewsCell.m */; };
		C07B304D212DB130003AA699 /* News.m in Sources */ = {isa = PBXBuildFile; fileRef = C07B304C212DB130003AA699 /* News.m */; };
/* End PBXBuildFile section */

/* Begin PBXContainerItemProxy section */
		C07B302A212C5C01003AA699 /* PBXContainerItemProxy */ = {
			isa = PBXContainerItemProxy;
			containerPortal = C07B3006212C5BFF003AA699 /* Project object */;
			proxyType = 1;
			remoteGlobalIDString = C07B300D212C5BFF003AA699;
			remoteInfo = xlib4cell;
		};
/* End PBXContainerItemProxy section */

/* Begin PBXFileReference section */
		C07B300E212C5BFF003AA699 /* xib4cell.app */ = {isa = PBXFileReference; explicitFileType = wrapper.application; includeInIndex = 0; path = xib4cell.app; sourceTree = BUILT_PRODUCTS_DIR; };
		C07B3011212C5BFF003AA699 /* AppDelegate.h */ = {isa = PBXFileReference; lastKnownFileType = sourcecode.c.h; path = AppDelegate.h; sourceTree = "<group>"; };
		C07B3012212C5BFF003AA699 /* AppDelegate.m */ = {isa = PBXFileReference; lastKnownFileType = sourcecode.c.objc; path = AppDelegate.m; sourceTree = "<group>"; };
		C07B3018212C5BFF003AA699 /* Base */ = {isa = PBXFileReference; lastKnownFileType = file.storyboard; name = Base; path = Base.lproj/Main.storyboard; sourceTree = "<group>"; };
		C07B301B212C5BFF003AA699 /* xlib4cell.xcdatamodel */ = {isa = PBXFileReference; lastKnownFileType = wrapper.xcdatamodel; path = xlib4cell.xcdatamodel; sourceTree = "<group>"; };
		C07B301D212C5C01003AA699 /* Assets.xcassets */ = {isa = PBXFileReference; lastKnownFileType = folder.assetcatalog; path = Assets.xcassets; sourceTree = "<group>"; };
		C07B3020212C5C01003AA699 /* Base */ = {isa = PBXFileReference; lastKnownFileType = file.storyboard; name = Base; path = Base.lproj/LaunchScreen.storyboard; sourceTree = "<group>"; };
		C07B3022212C5C01003AA699 /* Info.plist */ = {isa = PBXFileReference; lastKnownFileType = text.plist.xml; path = Info.plist; sourceTree = "<group>"; };
		C07B3023212C5C01003AA699 /* main.m */ = {isa = PBXFileReference; lastKnownFileType = sourcecode.c.objc; path = main.m; sourceTree = "<group>"; };
		C07B3029212C5C01003AA699 /* xib4cellTests.xctest */ = {isa = PBXFileReference; explicitFileType = wrapper.cfbundle; includeInIndex = 0; path = xib4cellTests.xctest; sourceTree = BUILT_PRODUCTS_DIR; };
		C07B302D212C5C01003AA699 /* xlib4cellTests.m */ = {isa = PBXFileReference; lastKnownFileType = sourcecode.c.objc; path = xlib4cellTests.m; sourceTree = "<group>"; };
		C07B302F212C5C01003AA699 /* Info.plist */ = {isa = PBXFileReference; lastKnownFileType = text.plist.xml; path = Info.plist; sourceTree = "<group>"; };
		C07B303B212C6152003AA699 /* NewsViewController.h */ = {isa = PBXFileReference; lastKnownFileType = sourcecode.c.h; path = NewsViewController.h; sourceTree = "<group>"; };
		C07B303C212C6152003AA699 /* NewsViewController.m */ = {isa = PBXFileReference; lastKnownFileType = sourcecode.c.objc; path = NewsViewController.m; sourceTree = "<group>"; };
		C07B303E212D7AAB003AA699 /* NewsCell.xib */ = {isa = PBXFileReference; lastKnownFileType = file.xib; path = NewsCell.xib; sourceTree = "<group>"; };
		C07B3041212D7AF0003AA699 /* 01.jpg */ = {isa = PBXFileReference; lastKnownFileType = image.jpeg; path = 01.jpg; sourceTree = "<group>"; };
		C07B3042212D7AF0003AA699 /* 02.jpg */ = {isa = PBXFileReference; lastKnownFileType = image.jpeg; path = 02.jpg; sourceTree = "<group>"; };
		C07B3048212DAB94003AA699 /* NewsCell.h */ = {isa = PBXFileReference; lastKnownFileType = sourcecode.c.h; path = NewsCell.h; sourceTree = "<group>"; };
		C07B3049212DAB94003AA699 /* NewsCell.m */ = {isa = PBXFileReference; lastKnownFileType = sourcecode.c.objc; path = NewsCell.m; sourceTree = "<group>"; };
		C07B304B212DB130003AA699 /* News.h */ = {isa = PBXFileReference; lastKnownFileType = sourcecode.c.h; path = News.h; sourceTree = "<group>"; };
		C07B304C212DB130003AA699 /* News.m */ = {isa = PBXFileReference; lastKnownFileType = sourcecode.c.objc; path = News.m; sourceTree = "<group>"; };
/* End PBXFileReference section */

/* Begin PBXFrameworksBuildPhase section */
		C07B300B212C5BFF003AA699 /* Frameworks */ = {
			isa = PBXFrameworksBuildPhase;
			buildActionMask = 2147483647;
			files = (
			);
			runOnlyForDeploymentPostprocessing = 0;
		};
		C07B3026212C5C01003AA699 /* Frameworks */ = {
			isa = PBXFrameworksBuildPhase;
			buildActionMask = 2147483647;
			files = (
			);
			runOnlyForDeploymentPostprocessing = 0;
		};
/* End PBXFrameworksBuildPhase section */

/* Begin PBXGroup section */
		C07B3005212C5BFF003AA699 = {
			isa = PBXGroup;
			children = (
				C07B3010212C5BFF003AA699 /* xlib4cell */,
				C07B302C212C5C01003AA699 /* xlib4cellTests */,
				C07B300F212C5BFF003AA699 /* Products */,
			);
			sourceTree = "<group>";
		};
		C07B300F212C5BFF003AA699 /* Products */ = {
			isa = PBXGroup;
			children = (
				C07B300E212C5BFF003AA699 /* xib4cell.app */,
				C07B3029212C5C01003AA699 /* xib4cellTests.xctest */,
			);
			name = Products;
			sourceTree = "<group>";
		};
		C07B3010212C5BFF003AA699 /* xlib4cell */ = {
			isa = PBXGroup;
			children = (
				C07B3040212D7AD1003AA699 /* SupportFiles */,
				C07B3011212C5BFF003AA699 /* AppDelegate.h */,
				C07B3012212C5BFF003AA699 /* AppDelegate.m */,
				C07B3017212C5BFF003AA699 /* Main.storyboard */,
				C07B301D212C5C01003AA699 /* Assets.xcassets */,
				C07B301F212C5C01003AA699 /* LaunchScreen.storyboard */,
				C07B3022212C5C01003AA699 /* Info.plist */,
				C07B3023212C5C01003AA699 /* main.m */,
				C07B301A212C5BFF003AA699 /* xlib4cell.xcdatamodeld */,
				C07B303B212C6152003AA699 /* NewsViewController.h */,
				C07B303C212C6152003AA699 /* NewsViewController.m */,
				C07B303E212D7AAB003AA699 /* NewsCell.xib */,
				C07B3048212DAB94003AA699 /* NewsCell.h */,
				C07B3049212DAB94003AA699 /* NewsCell.m */,
				C07B304B212DB130003AA699 /* News.h */,
				C07B304C212DB130003AA699 /* News.m */,
			);
			path = xlib4cell;
			sourceTree = "<group>";
		};
		C07B302C212C5C01003AA699 /* xlib4cellTests */ = {
			isa = PBXGroup;
			children = (
				C07B302D212C5C01003AA699 /* xlib4cellTests.m */,
				C07B302F212C5C01003AA699 /* Info.plist */,
			);
			path = xlib4cellTests;
			sourceTree = "<group>";
		};
		C07B3040212D7AD1003AA699 /* SupportFiles */ = {
			isa = PBXGroup;
			children = (
				C07B3041212D7AF0003AA699 /* 01.jpg */,
				C07B3042212D7AF0003AA699 /* 02.jpg */,
			);
			path = SupportFiles;
			sourceTree = "<group>";
		};
/* End PBXGroup section */

/* Begin PBXNativeTarget section */
		C07B300D212C5BFF003AA699 /* xib4cell */ = {
			isa = PBXNativeTarget;
			buildConfigurationList = C07B3032212C5C01003AA699 /* Build configuration list for PBXNativeTarget "xib4cell" */;
			buildPhases = (
				C07B300A212C5BFF003AA699 /* Sources */,
				C07B300B212C5BFF003AA699 /* Frameworks */,
				C07B300C212C5BFF003AA699 /* Resources */,
			);
			buildRules = (
			);
			dependencies = (
			);
			name = xib4cell;
			productName = xlib4cell;
			productReference = C07B300E212C5BFF003AA699 /* xib4cell.app */;
			productType = "com.apple.product-type.application";
		};
		C07B3028212C5C01003AA699 /* xib4cellTests */ = {
			isa = PBXNativeTarget;
			buildConfigurationList = C07B3035212C5C01003AA699 /* Build configuration list for PBXNativeTarget "xib4cellTests" */;
			buildPhases = (
				C07B3025212C5C01003AA699 /* Sources */,
				C07B3026212C5C01003AA699 /* Frameworks */,
				C07B3027212C5C01003AA699 /* Resources */,
			);
			buildRules = (
			);
			dependencies = (
				C07B302B212C5C01003AA699 /* PBXTargetDependency */,
			);
			name = xib4cellTests;
			productName = xlib4cellTests;
			productReference = C07B3029212C5C01003AA699 /* xib4cellTests.xctest */;
			productType = "com.apple.product-type.bundle.unit-test";
		};
/* End PBXNativeTarget section */

/* Begin PBXProject section */
		C07B3006212C5BFF003AA699 /* Project object */ = {
			isa = PBXProject;
			attributes = {
				LastUpgradeCheck = 0940;
				ORGANIZATIONNAME = pengzg;
				TargetAttributes = {
					C07B300D212C5BFF003AA699 = {
						CreatedOnToolsVersion = 9.4.1;
					};
					C07B3028212C5C01003AA699 = {
						CreatedOnToolsVersion = 9.4.1;
						TestTargetID = C07B300D212C5BFF003AA699;
					};
				};
			};
			buildConfigurationList = C07B3009212C5BFF003AA699 /* Build configuration list for PBXProject "xib4cell" */;
			compatibilityVersion = "Xcode 9.3";
			developmentRegion = en;
			hasScannedForEncodings = 0;
			knownRegions = (
				en,
				Base,
			);
			mainGroup = C07B3005212C5BFF003AA699;
			productRefGroup = C07B300F212C5BFF003AA699 /* Products */;
			projectDirPath = "";
			projectRoot = "";
			targets = (
				C07B300D212C5BFF003AA699 /* xib4cell */,
				C07B3028212C5C01003AA699 /* xib4cellTests */,
			);
		};
/* End PBXProject section */

/* Begin PBXResourcesBuildPhase section */
		C07B300C212C5BFF003AA699 /* Resources */ = {
			isa = PBXResourcesBuildPhase;
			buildActionMask = 2147483647;
			files = (
				C07B3043212D7AF0003AA699 /* 01.jpg in Resources */,
				C07B3044212D7AF0003AA699 /* 02.jpg in Resources */,
				C07B3021212C5C01003AA699 /* LaunchScreen.storyboard in Resources */,
				C07B301E212C5C01003AA699 /* Assets.xcassets in Resources */,
				C07B303F212D7AAB003AA699 /* NewsCell.xib in Resources */,
				C07B3019212C5BFF003AA699 /* Main.storyboard in Resources */,
			);
			runOnlyForDeploymentPostprocessing = 0;
		};
		C07B3027212C5C01003AA699 /* Resources */ = {
			isa = PBXResourcesBuildPhase;
			buildActionMask = 2147483647;
			files = (
			);
			runOnlyForDeploymentPostprocessing = 0;
		};
/* End PBXResourcesBuildPhase section */

/* Begin PBXSourcesBuildPhase section */
		C07B300A212C5BFF003AA699 /* Sources */ = {
			isa = PBXSourcesBuildPhase;
			buildActionMask = 2147483647;
			files = (
				C07B3013212C5BFF003AA699 /* AppDelegate.m in Sources */,
				C07B3024212C5C01003AA699 /* main.m in Sources */,
				C07B301C212C5BFF003AA699 /* xlib4cell.xcdatamodeld in Sources */,
				C07B304A212DAB94003AA699 /* NewsCell.m in Sources */,
				C07B304D212DB130003AA699 /* News.m in Sources */,
				C07B303D212C6152003AA699 /* NewsViewController.m in Sources */,
			);
			runOnlyForDeploymentPostprocessing = 0;
		};
		C07B3025212C5C01003AA699 /* Sources */ = {
			isa = PBXSourcesBuildPhase;
			buildActionMask = 2147483647;
			files = (
				C07B302E212C5C01003AA699 /* xlib4cellTests.m in Sources */,
			);
			runOnlyForDeploymentPostprocessing = 0;
		};
/* End PBXSourcesBuildPhase section */

/* Begin PBXTargetDependency section */
		C07B302B212C5C01003AA699 /* PBXTargetDependency */ = {
			isa = PBXTargetDependency;
			target = C07B300D212C5BFF003AA699 /* xib4cell */;
			targetProxy = C07B302A212C5C01003AA699 /* PBXContainerItemProxy */;
		};
/* End PBXTargetDependency section */

/* Begin PBXVariantGroup section */
		C07B3017212C5BFF003AA699 /* Main.storyboard */ = {
			isa = PBXVariantGroup;
			children = (
				C07B3018212C5BFF003AA699 /* Base */,
			);
			name = Main.storyboard;
			sourceTree = "<group>";
		};
		C07B301F212C5C01003AA699 /* LaunchScreen.storyboard */ = {
			isa = PBXVariantGroup;
			children = (
				C07B3020212C5C01003AA699 /* Base */,
			);
			name = LaunchScreen.storyboard;
			sourceTree = "<group>";
		};
/* End PBXVariantGroup section */

/* Begin XCBuildConfiguration section */
		C07B3030212C5C01003AA699 /* Debug */ = {
			isa = XCBuildConfiguration;
			buildSettings = {
				ALWAYS_SEARCH_USER_PATHS = NO;
				CLANG_ANALYZER_NONNULL = YES;
				CLANG_ANALYZER_NUMBER_OBJECT_CONVERSION = YES_AGGRESSIVE;
				CLANG_CXX_LANGUAGE_STANDARD = "gnu++14";
				CLANG_CXX_LIBRARY = "libc++";
				CLANG_ENABLE_MODULES = YES;
				CLANG_ENABLE_OBJC_ARC = YES;
				CLANG_ENABLE_OBJC_WEAK = YES;
				CLANG_WARN_BLOCK_CAPTURE_AUTORELEASING = YES;
				CLANG_WARN_BOOL_CONVERSION = YES;
				CLANG_WARN_COMMA = YES;
				CLANG_WARN_CONSTANT_CONVERSION = YES;
				CLANG_WARN_DEPRECATED_OBJC_IMPLEMENTATIONS = YES;
				CLANG_WARN_DIRECT_OBJC_ISA_USAGE = YES_ERROR;
				CLANG_WARN_DOCUMENTATION_COMMENTS = YES;
				CLANG_WARN_EMPTY_BODY = YES;
				CLANG_WARN_ENUM_CONVERSION = YES;
				CLANG_WARN_INFINITE_RECURSION = YES;
				CLANG_WARN_INT_CONVERSION = YES;
				CLANG_WARN_NON_LITERAL_NULL_CONVERSION = YES;
				CLANG_WARN_OBJC_IMPLICIT_RETAIN_SELF = YES;
				CLANG_WARN_OBJC_LITERAL_CONVERSION = YES;
				CLANG_WARN_OBJC_ROOT_CLASS = YES_ERROR;
				CLANG_WARN_RANGE_LOOP_ANALYSIS = YES;
				CLANG_WARN_STRICT_PROTOTYPES = YES;
				CLANG_WARN_SUSPICIOUS_MOVE = YES;
				CLANG_WARN_UNGUARDED_AVAILABILITY = YES_AGGRESSIVE;
				CLANG_WARN_UNREACHABLE_CODE = YES;
				CLANG_WARN__DUPLICATE_METHOD_MATCH = YES;
				CODE_SIGN_IDENTITY = "iPhone Developer";
				COPY_PHASE_STRIP = NO;
				DEBUG_INFORMATION_FORMAT = dwarf;
				ENABLE_STRICT_OBJC_MSGSEND = YES;
				ENABLE_TESTABILITY = YES;
				GCC_C_LANGUAGE_STANDARD = gnu11;
				GCC_DYNAMIC_NO_PIC = NO;
				GCC_NO_COMMON_BLOCKS = YES;
				GCC_OPTIMIZATION_LEVEL = 0;
				GCC_PREPROCESSOR_DEFINITIONS = (
					"DEBUG=1",
					"$(inherited)",
				);
				GCC_WARN_64_TO_32_BIT_CONVERSION = YES;
				GCC_WARN_ABOUT_RETURN_TYPE = YES_ERROR;
				GCC_WARN_UNDECLARED_SELECTOR = YES;
				GCC_WARN_UNINITIALIZED_AUTOS = YES_AGGRESSIVE;
				GCC_WARN_UNUSED_FUNCTION = YES;
				GCC_WARN_UNUSED_VARIABLE = YES;
				IPHONEOS_DEPLOYMENT_TARGET = 11.4;
				MTL_ENABLE_DEBUG_INFO = YES;
				ONLY_ACTIVE_ARCH = YES;
				SDKROOT = iphoneos;
			};
			name = Debug;
		};
		C07B3031212C5C01003AA699 /* Release */ = {
			isa = XCBuildConfiguration;
			buildSettings = {
				ALWAYS_SEARCH_USER_PATHS = NO;
				CLANG_ANALYZER_NONNULL = YES;
				CLANG_ANALYZER_NUMBER_OBJECT_CONVERSION = YES_AGGRESSIVE;
				CLANG_CXX_LANGUAGE_STANDARD = "gnu++14";
				CLANG_CXX_LIBRARY = "libc++";
				CLANG_ENABLE_MODULES = YES;
				CLANG_ENABLE_OBJC_ARC = YES;
				CLANG_ENABLE_OBJC_WEAK = YES;
				CLANG_WARN_BLOCK_CAPTURE_AUTORELEASING = YES;
				CLANG_WARN_BOOL_CONVERSION = YES;
				CLANG_WARN_COMMA = YES;
				CLANG_WARN_CONSTANT_CONVERSION = YES;
				CLANG_WARN_DEPRECATED_OBJC_IMPLEMENTATIONS = YES;
				CLANG_WARN_DIRECT_OBJC_ISA_USAGE = YES_ERROR;
				CLANG_WARN_DOCUMENTATION_COMMENTS = YES;
				CLANG_WARN_EMPTY_BODY = YES;
				CLANG_WARN_ENUM_CONVERSION = YES;
				CLANG_WARN_INFINITE_RECURSION = YES;
				CLANG_WARN_INT_CONVERSION = YES;
				CLANG_WARN_NON_LITERAL_NULL_CONVERSION = YES;
				CLANG_WARN_OBJC_IMPLICIT_RETAIN_SELF = YES;
				CLANG_WARN_OBJC_LITERAL_CONVERSION = YES;
				CLANG_WARN_OBJC_ROOT_CLASS = YES_ERROR;
				CLANG_WARN_RANGE_LOOP_ANALYSIS = YES;
				CLANG_WARN_STRICT_PROTOTYPES = YES;
				CLANG_WARN_SUSPICIOUS_MOVE = YES;
				CLANG_WARN_UNGUARDED_AVAILABILITY = YES_AGGRESSIVE;
				CLANG_WARN_UNREACHABLE_CODE = YES;
				CLANG_WARN__DUPLICATE_METHOD_MATCH = YES;
				CODE_SIGN_IDENTITY = "iPhone Developer";
				COPY_PHASE_STRIP = NO;
				DEBUG_INFORMATION_FORMAT = "dwarf-with-dsym";
				ENABLE_NS_ASSERTIONS = NO;
				ENABLE_STRICT_OBJC_MSGSEND = YES;
				GCC_C_LANGUAGE_STANDARD = gnu11;
				GCC_NO_COMMON_BLOCKS = YES;
				GCC_WARN_64_TO_32_BIT_CONVERSION = YES;
				GCC_WARN_ABOUT_RETURN_TYPE = YES_ERROR;
				GCC_WARN_UNDECLARED_SELECTOR = YES;
				GCC_WARN_UNINITIALIZED_AUTOS = YES_AGGRESSIVE;
				GCC_WARN_UNUSED_FUNCTION = YES;
				GCC_WARN_UNUSED_VARIABLE = YES;
				IPHONEOS_DEPLOYMENT_TARGET = 11.4;
				MTL_ENABLE_DEBUG_INFO = NO;
				SDKROOT = iphoneos;
				VALIDATE_PRODUCT = YES;
			};
			name = Release;
		};
		C07B3033212C5C01003AA699 /* Debug */ = {
			isa = XCBuildConfiguration;
			buildSettings = {
				ASSETCATALOG_COMPILER_APPICON_NAME = AppIcon;
				CODE_SIGN_STYLE = Automatic;
				DEVELOPMENT_TEAM = LVDHDML9MV;
				INFOPLIST_FILE = xlib4cell/Info.plist;
				LD_RUNPATH_SEARCH_PATHS = (
					"$(inherited)",
					"@executable_path/Frameworks",
				);
				PRODUCT_BUNDLE_IDENTIFIER = pengz.com.xlib4cell;
				PRODUCT_NAME = "$(TARGET_NAME)";
				TARGETED_DEVICE_FAMILY = "1,2";
			};
			name = Debug;
		};
		C07B3034212C5C01003AA699 /* Release */ = {
			isa = XCBuildConfiguration;
			buildSettings = {
				ASSETCATALOG_COMPILER_APPICON_NAME = AppIcon;
				CODE_SIGN_STYLE = Automatic;
				DEVELOPMENT_TEAM = LVDHDML9MV;
				INFOPLIST_FILE = xlib4cell/Info.plist;
				LD_RUNPATH_SEARCH_PATHS = (
					"$(inherited)",
					"@executable_path/Frameworks",
				);
				PRODUCT_BUNDLE_IDENTIFIER = pengz.com.xlib4cell;
				PRODUCT_NAME = "$(TARGET_NAME)";
				TARGETED_DEVICE_FAMILY = "1,2";
			};
			name = Release;
		};
		C07B3036212C5C01003AA699 /* Debug */ = {
			isa = XCBuildConfiguration;
			buildSettings = {
				BUNDLE_LOADER = "$(TEST_HOST)";
				CODE_SIGN_STYLE = Automatic;
				DEVELOPMENT_TEAM = LVDHDML9MV;
				INFOPLIST_FILE = xlib4cellTests/Info.plist;
				LD_RUNPATH_SEARCH_PATHS = (
					"$(inherited)",
					"@executable_path/Frameworks",
					"@loader_path/Frameworks",
				);
				PRODUCT_BUNDLE_IDENTIFIER = pengz.com.xlib4cellTests;
				PRODUCT_NAME = "$(TARGET_NAME)";
				TARGETED_DEVICE_FAMILY = "1,2";
				TEST_HOST = "$(BUILT_PRODUCTS_DIR)/xib4cell.app/xib4cell";
			};
			name = Debug;
		};
		C07B3037212C5C01003AA699 /* Release */ = {
			isa = XCBuildConfiguration;
			buildSettings = {
				BUNDLE_LOADER = "$(TEST_HOST)";
				CODE_SIGN_STYLE = Automatic;
				DEVELOPMENT_TEAM = LVDHDML9MV;
				INFOPLIST_FILE = xlib4cellTests/Info.plist;
				LD_RUNPATH_SEARCH_PATHS = (
					"$(inherited)",
					"@executable_path/Frameworks",
					"@loader_path/Frameworks",
				);
				PRODUCT_BUNDLE_IDENTIFIER = pengz.com.xlib4cellTests;
				PRODUCT_NAME = "$(TARGET_NAME)";
				TARGETED_DEVICE_FAMILY = "1,2";
				TEST_HOST = "$(BUILT_PRODUCTS_DIR)/xib4cell.app/xib4cell";
			};
			name = Release;
		};
/* End XCBuildConfiguration section */

/* Begin XCConfigurationList section */
		C07B3009212C5BFF003AA699 /* Build configuration list for PBXProject "xib4cell" */ = {
			isa = XCConfigurationList;
			buildConfigurations = (
				C07B3030212C5C01003AA699 /* Debug */,
				C07B3031212C5C01003AA699 /* Release */,
			);
			defaultConfigurationIsVisible = 0;
			defaultConfigurationName = Release;
		};
		C07B3032212C5C01003AA699 /* Build configuration list for PBXNativeTarget "xib4cell" */ = {
			isa = XCConfigurationList;
			buildConfigurations = (
				C07B3033212C5C01003AA699 /* Debug */,
				C07B3034212C5C01003AA699 /* Release */,
			);
			defaultConfigurationIsVisible = 0;
			defaultConfigurationName = Release;
		};
		C07B3035212C5C01003AA699 /* Build configuration list for PBXNativeTarget "xib4cellTests" */ = {
			isa = XCConfigurationList;
			buildConfigurations = (
				C07B3036212C5C01003AA699 /* Debug */,
				C07B3037212C5C01003AA699 /* Release */,
			);
			defaultConfigurationIsVisible = 0;
			defaultConfigurationName = Release;
		};
/* End XCConfigurationList section */

/* Begin XCVersionGroup section */
		C07B301A212C5BFF003AA699 /* xlib4cell.xcdatamodeld */ = {
			isa = XCVersionGroup;
			children = (
				C07B301B212C5BFF003AA699 /* xlib4cell.xcdatamodel */,
			);
			currentVersion = C07B301B212C5BFF003AA699 /* xlib4cell.xcdatamodel */;
			path = xlib4cell.xcdatamodeld;
			sourceTree = "<group>";
			versionGroupType = wrapper.xcdatamodel;
		};
/* End XCVersionGroup section */
	};
	rootObject = C07B3006212C5BFF003AA699 /* Project object */;
}
