// !$*UTF8*$!
{
	archiveVersion = 1;
	classes = {
	};
	objectVersion = 50;
	objects = {

/* Begin PBXBuildFile section */
		C03E911D240B84F800FDB1E8 /* AppDelegate.m in Sources */ = {isa = PBXBuildFile; fileRef = C03E911C240B84F800FDB1E8 /* AppDelegate.m */; };
		C03E9120240B84F800FDB1E8 /* SceneDelegate.m in Sources */ = {isa = PBXBuildFile; fileRef = C03E911F240B84F800FDB1E8 /* SceneDelegate.m */; };
		C03E9123240B84F800FDB1E8 /* ViewController.m in Sources */ = {isa = PBXBuildFile; fileRef = C03E9122240B84F800FDB1E8 /* ViewController.m */; };
		C03E9126240B84F800FDB1E8 /* Main.storyboard in Resources */ = {isa = PBXBuildFile; fileRef = C03E9124240B84F800FDB1E8 /* Main.storyboard */; };
		C03E9129240B84F800FDB1E8 /* piano.xcdatamodeld in Sources */ = {isa = PBXBuildFile; fileRef = C03E9127240B84F800FDB1E8 /* piano.xcdatamodeld */; };
		C03E912B240B84FC00FDB1E8 /* Assets.xcassets in Resources */ = {isa = PBXBuildFile; fileRef = C03E912A240B84FC00FDB1E8 /* Assets.xcassets */; };
		C03E912E240B84FC00FDB1E8 /* LaunchScreen.storyboard in Resources */ = {isa = PBXBuildFile; fileRef = C03E912C240B84FC00FDB1E8 /* LaunchScreen.storyboard */; };
		C03E9131240B84FC00FDB1E8 /* main.m in Sources */ = {isa = PBXBuildFile; fileRef = C03E9130240B84FC00FDB1E8 /* main.m */; };
		C03E913B240B84FC00FDB1E8 /* pianoTests.m in Sources */ = {isa = PBXBuildFile; fileRef = C03E913A240B84FC00FDB1E8 /* pianoTests.m */; };
		C03E9148240B855D00FDB1E8 /* AudioToolbox.framework in Frameworks */ = {isa = PBXBuildFile; fileRef = C03E9146240B851100FDB1E8 /* AudioToolbox.framework */; };
		C03E914A240B865900FDB1E8 /* QuartzCore.framework in Frameworks */ = {isa = PBXBuildFile; fileRef = C03E9149240B865900FDB1E8 /* QuartzCore.framework */; };
/* End PBXBuildFile section */

/* Begin PBXContainerItemProxy section */
		C03E9137240B84FC00FDB1E8 /* PBXContainerItemProxy */ = {
			isa = PBXContainerItemProxy;
			containerPortal = C03E9110240B84F800FDB1E8 /* Project object */;
			proxyType = 1;
			remoteGlobalIDString = C03E9117240B84F800FDB1E8;
			remoteInfo = piano;
		};
/* End PBXContainerItemProxy section */

/* Begin PBXFileReference section */
		C03E9118240B84F800FDB1E8 /* piano.app */ = {isa = PBXFileReference; explicitFileType = wrapper.application; includeInIndex = 0; path = piano.app; sourceTree = BUILT_PRODUCTS_DIR; };
		C03E911B240B84F800FDB1E8 /* AppDelegate.h */ = {isa = PBXFileReference; lastKnownFileType = sourcecode.c.h; path = AppDelegate.h; sourceTree = "<group>"; };
		C03E911C240B84F800FDB1E8 /* AppDelegate.m */ = {isa = PBXFileReference; lastKnownFileType = sourcecode.c.objc; path = AppDelegate.m; sourceTree = "<group>"; };
		C03E911E240B84F800FDB1E8 /* SceneDelegate.h */ = {isa = PBXFileReference; lastKnownFileType = sourcecode.c.h; path = SceneDelegate.h; sourceTree = "<group>"; };
		C03E911F240B84F800FDB1E8 /* SceneDelegate.m */ = {isa = PBXFileReference; lastKnownFileType = sourcecode.c.objc; path = SceneDelegate.m; sourceTree = "<group>"; };
		C03E9121240B84F800FDB1E8 /* ViewController.h */ = {isa = PBXFileReference; lastKnownFileType = sourcecode.c.h; path = ViewController.h; sourceTree = "<group>"; };
		C03E9122240B84F800FDB1E8 /* ViewController.m */ = {isa = PBXFileReference; lastKnownFileType = sourcecode.c.objc; path = ViewController.m; sourceTree = "<group>"; };
		C03E9125240B84F800FDB1E8 /* Base */ = {isa = PBXFileReference; lastKnownFileType = file.storyboard; name = Base; path = Base.lproj/Main.storyboard; sourceTree = "<group>"; };
		C03E9128240B84F800FDB1E8 /* piano.xcdatamodel */ = {isa = PBXFileReference; lastKnownFileType = wrapper.xcdatamodel; path = piano.xcdatamodel; sourceTree = "<group>"; };
		C03E912A240B84FC00FDB1E8 /* Assets.xcassets */ = {isa = PBXFileReference; lastKnownFileType = folder.assetcatalog; path = Assets.xcassets; sourceTree = "<group>"; };
		C03E912D240B84FC00FDB1E8 /* Base */ = {isa = PBXFileReference; lastKnownFileType = file.storyboard; name = Base; path = Base.lproj/LaunchScreen.storyboard; sourceTree = "<group>"; };
		C03E912F240B84FC00FDB1E8 /* Info.plist */ = {isa = PBXFileReference; lastKnownFileType = text.plist.xml; path = Info.plist; sourceTree = "<group>"; };
		C03E9130240B84FC00FDB1E8 /* main.m */ = {isa = PBXFileReference; lastKnownFileType = sourcecode.c.objc; path = main.m; sourceTree = "<group>"; };
		C03E9136240B84FC00FDB1E8 /* pianoTests.xctest */ = {isa = PBXFileReference; explicitFileType = wrapper.cfbundle; includeInIndex = 0; path = pianoTests.xctest; sourceTree = BUILT_PRODUCTS_DIR; };
		C03E913A240B84FC00FDB1E8 /* pianoTests.m */ = {isa = PBXFileReference; lastKnownFileType = sourcecode.c.objc; path = pianoTests.m; sourceTree = "<group>"; };
		C03E913C240B84FC00FDB1E8 /* Info.plist */ = {isa = PBXFileReference; lastKnownFileType = text.plist.xml; path = Info.plist; sourceTree = "<group>"; };
		C03E9146240B851100FDB1E8 /* AudioToolbox.framework */ = {isa = PBXFileReference; lastKnownFileType = wrapper.framework; name = AudioToolbox.framework; path = System/Library/Frameworks/AudioToolbox.framework; sourceTree = SDKROOT; };
		C03E9149240B865900FDB1E8 /* QuartzCore.framework */ = {isa = PBXFileReference; lastKnownFileType = wrapper.framework; name = QuartzCore.framework; path = System/Library/Frameworks/QuartzCore.framework; sourceTree = SDKROOT; };
/* End PBXFileReference section */

/* Begin PBXFrameworksBuildPhase section */
		C03E9115240B84F800FDB1E8 /* Frameworks */ = {
			isa = PBXFrameworksBuildPhase;
			buildActionMask = 2147483647;
			files = (
				C03E914A240B865900FDB1E8 /* QuartzCore.framework in Frameworks */,
				C03E9148240B855D00FDB1E8 /* AudioToolbox.framework in Frameworks */,
			);
			runOnlyForDeploymentPostprocessing = 0;
		};
		C03E9133240B84FC00FDB1E8 /* Frameworks */ = {
			isa = PBXFrameworksBuildPhase;
			buildActionMask = 2147483647;
			files = (
			);
			runOnlyForDeploymentPostprocessing = 0;
		};
/* End PBXFrameworksBuildPhase section */

/* Begin PBXGroup section */
		C03E910F240B84F800FDB1E8 = {
			isa = PBXGroup;
			children = (
				C03E911A240B84F800FDB1E8 /* piano */,
				C03E9139240B84FC00FDB1E8 /* pianoTests */,
				C03E9119240B84F800FDB1E8 /* Products */,
				C03E9145240B851100FDB1E8 /* Frameworks */,
			);
			sourceTree = "<group>";
		};
		C03E9119240B84F800FDB1E8 /* Products */ = {
			isa = PBXGroup;
			children = (
				C03E9118240B84F800FDB1E8 /* piano.app */,
				C03E9136240B84FC00FDB1E8 /* pianoTests.xctest */,
			);
			name = Products;
			sourceTree = "<group>";
		};
		C03E911A240B84F800FDB1E8 /* piano */ = {
			isa = PBXGroup;
			children = (
				C03E911B240B84F800FDB1E8 /* AppDelegate.h */,
				C03E911C240B84F800FDB1E8 /* AppDelegate.m */,
				C03E911E240B84F800FDB1E8 /* SceneDelegate.h */,
				C03E911F240B84F800FDB1E8 /* SceneDelegate.m */,
				C03E9121240B84F800FDB1E8 /* ViewController.h */,
				C03E9122240B84F800FDB1E8 /* ViewController.m */,
				C03E9124240B84F800FDB1E8 /* Main.storyboard */,
				C03E912A240B84FC00FDB1E8 /* Assets.xcassets */,
				C03E912C240B84FC00FDB1E8 /* LaunchScreen.storyboard */,
				C03E912F240B84FC00FDB1E8 /* Info.plist */,
				C03E9130240B84FC00FDB1E8 /* main.m */,
				C03E9127240B84F800FDB1E8 /* piano.xcdatamodeld */,
			);
			path = piano;
			sourceTree = "<group>";
		};
		C03E9139240B84FC00FDB1E8 /* pianoTests */ = {
			isa = PBXGroup;
			children = (
				C03E913A240B84FC00FDB1E8 /* pianoTests.m */,
				C03E913C240B84FC00FDB1E8 /* Info.plist */,
			);
			path = pianoTests;
			sourceTree = "<group>";
		};
		C03E9145240B851100FDB1E8 /* Frameworks */ = {
			isa = PBXGroup;
			children = (
				C03E9149240B865900FDB1E8 /* QuartzCore.framework */,
				C03E9146240B851100FDB1E8 /* AudioToolbox.framework */,
			);
			name = Frameworks;
			sourceTree = "<group>";
		};
/* End PBXGroup section */

/* Begin PBXNativeTarget section */
		C03E9117240B84F800FDB1E8 /* piano */ = {
			isa = PBXNativeTarget;
			buildConfigurationList = C03E913F240B84FC00FDB1E8 /* Build configuration list for PBXNativeTarget "piano" */;
			buildPhases = (
				C03E9114240B84F800FDB1E8 /* Sources */,
				C03E9115240B84F800FDB1E8 /* Frameworks */,
				C03E9116240B84F800FDB1E8 /* Resources */,
			);
			buildRules = (
			);
			dependencies = (
			);
			name = piano;
			productName = piano;
			productReference = C03E9118240B84F800FDB1E8 /* piano.app */;
			productType = "com.apple.product-type.application";
		};
		C03E9135240B84FC00FDB1E8 /* pianoTests */ = {
			isa = PBXNativeTarget;
			buildConfigurationList = C03E9142240B84FC00FDB1E8 /* Build configuration list for PBXNativeTarget "pianoTests" */;
			buildPhases = (
				C03E9132240B84FC00FDB1E8 /* Sources */,
				C03E9133240B84FC00FDB1E8 /* Frameworks */,
				C03E9134240B84FC00FDB1E8 /* Resources */,
			);
			buildRules = (
			);
			dependencies = (
				C03E9138240B84FC00FDB1E8 /* PBXTargetDependency */,
			);
			name = pianoTests;
			productName = pianoTests;
			productReference = C03E9136240B84FC00FDB1E8 /* pianoTests.xctest */;
			productType = "com.apple.product-type.bundle.unit-test";
		};
/* End PBXNativeTarget section */

/* Begin PBXProject section */
		C03E9110240B84F800FDB1E8 /* Project object */ = {
			isa = PBXProject;
			attributes = {
				LastUpgradeCheck = 1130;
				ORGANIZATIONNAME = pengzg;
				TargetAttributes = {
					C03E9117240B84F800FDB1E8 = {
						CreatedOnToolsVersion = 11.3.1;
					};
					C03E9135240B84FC00FDB1E8 = {
						CreatedOnToolsVersion = 11.3.1;
						TestTargetID = C03E9117240B84F800FDB1E8;
					};
				};
			};
			buildConfigurationList = C03E9113240B84F800FDB1E8 /* Build configuration list for PBXProject "piano" */;
			compatibilityVersion = "Xcode 9.3";
			developmentRegion = en;
			hasScannedForEncodings = 0;
			knownRegions = (
				en,
				Base,
			);
			mainGroup = C03E910F240B84F800FDB1E8;
			productRefGroup = C03E9119240B84F800FDB1E8 /* Products */;
			projectDirPath = "";
			projectRoot = "";
			targets = (
				C03E9117240B84F800FDB1E8 /* piano */,
				C03E9135240B84FC00FDB1E8 /* pianoTests */,
			);
		};
/* End PBXProject section */

/* Begin PBXResourcesBuildPhase section */
		C03E9116240B84F800FDB1E8 /* Resources */ = {
			isa = PBXResourcesBuildPhase;
			buildActionMask = 2147483647;
			files = (
				C03E912E240B84FC00FDB1E8 /* LaunchScreen.storyboard in Resources */,
				C03E912B240B84FC00FDB1E8 /* Assets.xcassets in Resources */,
				C03E9126240B84F800FDB1E8 /* Main.storyboard in Resources */,
			);
			runOnlyForDeploymentPostprocessing = 0;
		};
		C03E9134240B84FC00FDB1E8 /* Resources */ = {
			isa = PBXResourcesBuildPhase;
			buildActionMask = 2147483647;
			files = (
			);
			runOnlyForDeploymentPostprocessing = 0;
		};
/* End PBXResourcesBuildPhase section */

/* Begin PBXSourcesBuildPhase section */
		C03E9114240B84F800FDB1E8 /* Sources */ = {
			isa = PBXSourcesBuildPhase;
			buildActionMask = 2147483647;
			files = (
				C03E9131240B84FC00FDB1E8 /* main.m in Sources */,
				C03E9123240B84F800FDB1E8 /* ViewController.m in Sources */,
				C03E9129240B84F800FDB1E8 /* piano.xcdatamodeld in Sources */,
				C03E911D240B84F800FDB1E8 /* AppDelegate.m in Sources */,
				C03E9120240B84F800FDB1E8 /* SceneDelegate.m in Sources */,
			);
			runOnlyForDeploymentPostprocessing = 0;
		};
		C03E9132240B84FC00FDB1E8 /* Sources */ = {
			isa = PBXSourcesBuildPhase;
			buildActionMask = 2147483647;
			files = (
				C03E913B240B84FC00FDB1E8 /* pianoTests.m in Sources */,
			);
			runOnlyForDeploymentPostprocessing = 0;
		};
/* End PBXSourcesBuildPhase section */

/* Begin PBXTargetDependency section */
		C03E9138240B84FC00FDB1E8 /* PBXTargetDependency */ = {
			isa = PBXTargetDependency;
			target = C03E9117240B84F800FDB1E8 /* piano */;
			targetProxy = C03E9137240B84FC00FDB1E8 /* PBXContainerItemProxy */;
		};
/* End PBXTargetDependency section */

/* Begin PBXVariantGroup section */
		C03E9124240B84F800FDB1E8 /* Main.storyboard */ = {
			isa = PBXVariantGroup;
			children = (
				C03E9125240B84F800FDB1E8 /* Base */,
			);
			name = Main.storyboard;
			sourceTree = "<group>";
		};
		C03E912C240B84FC00FDB1E8 /* LaunchScreen.storyboard */ = {
			isa = PBXVariantGroup;
			children = (
				C03E912D240B84FC00FDB1E8 /* Base */,
			);
			name = LaunchScreen.storyboard;
			sourceTree = "<group>";
		};
/* End PBXVariantGroup section */

/* Begin XCBuildConfiguration section */
		C03E913D240B84FC00FDB1E8 /* Debug */ = {
			isa = XCBuildConfiguration;
			buildSettings = {
				ALWAYS_SEARCH_USER_PATHS = NO;
				CLANG_ANALYZER_NONNULL = YES;
				CLANG_ANALYZER_NUMBER_OBJECT_CONVERSION = YES_AGGRESSIVE;
				CLANG_CXX_LANGUAGE_STANDARD = "gnu++14";
				CLANG_CXX_LIBRARY = "libc++";
				CLANG_ENABLE_MODULES = YES;
				CLANG_ENABLE_OBJC_ARC = YES;
				CLANG_ENABLE_OBJC_WEAK = YES;
				CLANG_WARN_BLOCK_CAPTURE_AUTORELEASING = YES;
				CLANG_WARN_BOOL_CONVERSION = YES;
				CLANG_WARN_COMMA = YES;
				CLANG_WARN_CONSTANT_CONVERSION = YES;
				CLANG_WARN_DEPRECATED_OBJC_IMPLEMENTATIONS = YES;
				CLANG_WARN_DIRECT_OBJC_ISA_USAGE = YES_ERROR;
				CLANG_WARN_DOCUMENTATION_COMMENTS = YES;
				CLANG_WARN_EMPTY_BODY = YES;
				CLANG_WARN_ENUM_CONVERSION = YES;
				CLANG_WARN_INFINITE_RECURSION = YES;
				CLANG_WARN_INT_CONVERSION = YES;
				CLANG_WARN_NON_LITERAL_NULL_CONVERSION = YES;
				CLANG_WARN_OBJC_IMPLICIT_RETAIN_SELF = YES;
				CLANG_WARN_OBJC_LITERAL_CONVERSION = YES;
				CLANG_WARN_OBJC_ROOT_CLASS = YES_ERROR;
				CLANG_WARN_RANGE_LOOP_ANALYSIS = YES;
				CLANG_WARN_STRICT_PROTOTYPES = YES;
				CLANG_WARN_SUSPICIOUS_MOVE = YES;
				CLANG_WARN_UNGUARDED_AVAILABILITY = YES_AGGRESSIVE;
				CLANG_WARN_UNREACHABLE_CODE = YES;
				CLANG_WARN__DUPLICATE_METHOD_MATCH = YES;
				COPY_PHASE_STRIP = NO;
				DEBUG_INFORMATION_FORMAT = dwarf;
				ENABLE_STRICT_OBJC_MSGSEND = YES;
				ENABLE_TESTABILITY = YES;
				GCC_C_LANGUAGE_STANDARD = gnu11;
				GCC_DYNAMIC_NO_PIC = NO;
				GCC_NO_COMMON_BLOCKS = YES;
				GCC_OPTIMIZATION_LEVEL = 0;
				GCC_PREPROCESSOR_DEFINITIONS = (
					"DEBUG=1",
					"$(inherited)",
				);
				GCC_WARN_64_TO_32_BIT_CONVERSION = YES;
				GCC_WARN_ABOUT_RETURN_TYPE = YES_ERROR;
				GCC_WARN_UNDECLARED_SELECTOR = YES;
				GCC_WARN_UNINITIALIZED_AUTOS = YES_AGGRESSIVE;
				GCC_WARN_UNUSED_FUNCTION = YES;
				GCC_WARN_UNUSED_VARIABLE = YES;
				IPHONEOS_DEPLOYMENT_TARGET = 13.2;
				MTL_ENABLE_DEBUG_INFO = INCLUDE_SOURCE;
				MTL_FAST_MATH = YES;
				ONLY_ACTIVE_ARCH = YES;
				SDKROOT = iphoneos;
			};
			name = Debug;
		};
		C03E913E240B84FC00FDB1E8 /* Release */ = {
			isa = XCBuildConfiguration;
			buildSettings = {
				ALWAYS_SEARCH_USER_PATHS = NO;
				CLANG_ANALYZER_NONNULL = YES;
				CLANG_ANALYZER_NUMBER_OBJECT_CONVERSION = YES_AGGRESSIVE;
				CLANG_CXX_LANGUAGE_STANDARD = "gnu++14";
				CLANG_CXX_LIBRARY = "libc++";
				CLANG_ENABLE_MODULES = YES;
				CLANG_ENABLE_OBJC_ARC = YES;
				CLANG_ENABLE_OBJC_WEAK = YES;
				CLANG_WARN_BLOCK_CAPTURE_AUTORELEASING = YES;
				CLANG_WARN_BOOL_CONVERSION = YES;
				CLANG_WARN_COMMA = YES;
				CLANG_WARN_CONSTANT_CONVERSION = YES;
				CLANG_WARN_DEPRECATED_OBJC_IMPLEMENTATIONS = YES;
				CLANG_WARN_DIRECT_OBJC_ISA_USAGE = YES_ERROR;
				CLANG_WARN_DOCUMENTATION_COMMENTS = YES;
				CLANG_WARN_EMPTY_BODY = YES;
				CLANG_WARN_ENUM_CONVERSION = YES;
				CLANG_WARN_INFINITE_RECURSION = YES;
				CLANG_WARN_INT_CONVERSION = YES;
				CLANG_WARN_NON_LITERAL_NULL_CONVERSION = YES;
				CLANG_WARN_OBJC_IMPLICIT_RETAIN_SELF = YES;
				CLANG_WARN_OBJC_LITERAL_CONVERSION = YES;
				CLANG_WARN_OBJC_ROOT_CLASS = YES_ERROR;
				CLANG_WARN_RANGE_LOOP_ANALYSIS = YES;
				CLANG_WARN_STRICT_PROTOTYPES = YES;
				CLANG_WARN_SUSPICIOUS_MOVE = YES;
				CLANG_WARN_UNGUARDED_AVAILABILITY = YES_AGGRESSIVE;
				CLANG_WARN_UNREACHABLE_CODE = YES;
				CLANG_WARN__DUPLICATE_METHOD_MATCH = YES;
				COPY_PHASE_STRIP = NO;
				DEBUG_INFORMATION_FORMAT = "dwarf-with-dsym";
				ENABLE_NS_ASSERTIONS = NO;
				ENABLE_STRICT_OBJC_MSGSEND = YES;
				GCC_C_LANGUAGE_STANDARD = gnu11;
				GCC_NO_COMMON_BLOCKS = YES;
				GCC_WARN_64_TO_32_BIT_CONVERSION = YES;
				GCC_WARN_ABOUT_RETURN_TYPE = YES_ERROR;
				GCC_WARN_UNDECLARED_SELECTOR = YES;
				GCC_WARN_UNINITIALIZED_AUTOS = YES_AGGRESSIVE;
				GCC_WARN_UNUSED_FUNCTION = YES;
				GCC_WARN_UNUSED_VARIABLE = YES;
				IPHONEOS_DEPLOYMENT_TARGET = 13.2;
				MTL_ENABLE_DEBUG_INFO = NO;
				MTL_FAST_MATH = YES;
				SDKROOT = iphoneos;
				VALIDATE_PRODUCT = YES;
			};
			name = Release;
		};
		C03E9140240B84FC00FDB1E8 /* Debug */ = {
			isa = XCBuildConfiguration;
			buildSettings = {
				ASSETCATALOG_COMPILER_APPICON_NAME = AppIcon;
				CODE_SIGN_STYLE = Automatic;
				DEVELOPMENT_TEAM = LVDHDML9MV;
				INFOPLIST_FILE = piano/Info.plist;
				LD_RUNPATH_SEARCH_PATHS = (
					"$(inherited)",
					"@executable_path/Frameworks",
				);
				PRODUCT_BUNDLE_IDENTIFIER = pengzg.com.piano;
				PRODUCT_NAME = "$(TARGET_NAME)";
				TARGETED_DEVICE_FAMILY = "1,2";
			};
			name = Debug;
		};
		C03E9141240B84FC00FDB1E8 /* Release */ = {
			isa = XCBuildConfiguration;
			buildSettings = {
				ASSETCATALOG_COMPILER_APPICON_NAME = AppIcon;
				CODE_SIGN_STYLE = Automatic;
				DEVELOPMENT_TEAM = LVDHDML9MV;
				INFOPLIST_FILE = piano/Info.plist;
				LD_RUNPATH_SEARCH_PATHS = (
					"$(inherited)",
					"@executable_path/Frameworks",
				);
				PRODUCT_BUNDLE_IDENTIFIER = pengzg.com.piano;
				PRODUCT_NAME = "$(TARGET_NAME)";
				TARGETED_DEVICE_FAMILY = "1,2";
			};
			name = Release;
		};
		C03E9143240B84FC00FDB1E8 /* Debug */ = {
			isa = XCBuildConfiguration;
			buildSettings = {
				BUNDLE_LOADER = "$(TEST_HOST)";
				CODE_SIGN_STYLE = Automatic;
				DEVELOPMENT_TEAM = LVDHDML9MV;
				INFOPLIST_FILE = pianoTests/Info.plist;
				IPHONEOS_DEPLOYMENT_TARGET = 13.2;
				LD_RUNPATH_SEARCH_PATHS = (
					"$(inherited)",
					"@executable_path/Frameworks",
					"@loader_path/Frameworks",
				);
				PRODUCT_BUNDLE_IDENTIFIER = pengzg.com.pianoTests;
				PRODUCT_NAME = "$(TARGET_NAME)";
				TARGETED_DEVICE_FAMILY = "1,2";
				TEST_HOST = "$(BUILT_PRODUCTS_DIR)/piano.app/piano";
			};
			name = Debug;
		};
		C03E9144240B84FC00FDB1E8 /* Release */ = {
			isa = XCBuildConfiguration;
			buildSettings = {
				BUNDLE_LOADER = "$(TEST_HOST)";
				CODE_SIGN_STYLE = Automatic;
				DEVELOPMENT_TEAM = LVDHDML9MV;
				INFOPLIST_FILE = pianoTests/Info.plist;
				IPHONEOS_DEPLOYMENT_TARGET = 13.2;
				LD_RUNPATH_SEARCH_PATHS = (
					"$(inherited)",
					"@executable_path/Frameworks",
					"@loader_path/Frameworks",
				);
				PRODUCT_BUNDLE_IDENTIFIER = pengzg.com.pianoTests;
				PRODUCT_NAME = "$(TARGET_NAME)";
				TARGETED_DEVICE_FAMILY = "1,2";
				TEST_HOST = "$(BUILT_PRODUCTS_DIR)/piano.app/piano";
			};
			name = Release;
		};
/* End XCBuildConfiguration section */

/* Begin XCConfigurationList section */
		C03E9113240B84F800FDB1E8 /* Build configuration list for PBXProject "piano" */ = {
			isa = XCConfigurationList;
			buildConfigurations = (
				C03E913D240B84FC00FDB1E8 /* Debug */,
				C03E913E240B84FC00FDB1E8 /* Release */,
			);
			defaultConfigurationIsVisible = 0;
			defaultConfigurationName = Release;
		};
		C03E913F240B84FC00FDB1E8 /* Build configuration list for PBXNativeTarget "piano" */ = {
			isa = XCConfigurationList;
			buildConfigurations = (
				C03E9140240B84FC00FDB1E8 /* Debug */,
				C03E9141240B84FC00FDB1E8 /* Release */,
			);
			defaultConfigurationIsVisible = 0;
			defaultConfigurationName = Release;
		};
		C03E9142240B84FC00FDB1E8 /* Build configuration list for PBXNativeTarget "pianoTests" */ = {
			isa = XCConfigurationList;
			buildConfigurations = (
				C03E9143240B84FC00FDB1E8 /* Debug */,
				C03E9144240B84FC00FDB1E8 /* Release */,
			);
			defaultConfigurationIsVisible = 0;
			defaultConfigurationName = Release;
		};
/* End XCConfigurationList section */

/* Begin XCVersionGroup section */
		C03E9127240B84F800FDB1E8 /* piano.xcdatamodeld */ = {
			isa = XCVersionGroup;
			children = (
				C03E9128240B84F800FDB1E8 /* piano.xcdatamodel */,
			);
			currentVersion = C03E9128240B84F800FDB1E8 /* piano.xcdatamodel */;
			path = piano.xcdatamodeld;
			sourceTree = "<group>";
			versionGroupType = wrapper.xcdatamodel;
		};
/* End XCVersionGroup section */
	};
	rootObject = C03E9110240B84F800FDB1E8 /* Project object */;
}
